
Microsoft Visual Studio Solution File, Format Version 12.00
# Visual Studio Version 17
VisualStudioVersion = 17.9.34723.18
MinimumVisualStudioVersion = 10.0.40219.1
Project("{FAE04EC0-301F-11D3-BF4B-00C04F79EFBC}") = "CodeWithDB", "CodeWithDB\CodeWithDB.csproj", "{E9E546C2-0AFB-450A-A888-239B7C37FDB4}"
EndProject
Global
	GlobalSection(SolutionConfigurationPlatforms) = preSolution
		Debug|Any CPU = Debug|Any CPU
		Release|Any CPU = Release|Any CPU
	EndGlobalSection
	GlobalSection(ProjectConfigurationPlatforms) = postSolution
		{E9E546C2-0AFB-450A-A888-239B7C37FDB4}.Debug|Any CPU.ActiveCfg = Debug|Any CPU
		{E9E546C2-0AFB-450A-A888-239B7C37FDB4}.Debug|Any CPU.Build.0 = Debug|Any CPU
		{E9E546C2-0AFB-450A-A888-239B7C37FDB4}.Release|Any CPU.ActiveCfg = Release|Any CPU
		{E9E546C2-0AFB-450A-A888-239B7C37FDB4}.Release|Any CPU.Build.0 = Release|Any CPU
	EndGlobalSection
	GlobalSection(SolutionProperties) = preSolution
		HideSolutionNode = FALSE
	EndGlobalSection
	GlobalSection(ExtensibilityGlobals) = postSolution
		SolutionGuid = {00295287-ACD3-47E9-952F-6A67E3DDA058}
	EndGlobalSection
EndGlobal
